// !$*UTF8*$!
{
	archiveVersion = 1;
	classes = {
	};
	objectVersion = 50;
	objects = {

/* Begin PBXBuildFile section */
		F10EA5D1223CE767003FDBF4 /* Token.swift in Sources */ = {isa = PBXBuildFile; fileRef = F10EA5D0223CE767003FDBF4 /* Token.swift */; };
		F10EA5DA223CEF19003FDBF4 /* ReaderChar.swift in Sources */ = {isa = PBXBuildFile; fileRef = F10EA5D9223CEF19003FDBF4 /* ReaderChar.swift */; };
		F10EA5DC223CF3B8003FDBF4 /* TokenList.swift in Sources */ = {isa = PBXBuildFile; fileRef = F10EA5DB223CF3B8003FDBF4 /* TokenList.swift */; };
		F10EA5DE223DE9F6003FDBF4 /* Tokenizer.swift in Sources */ = {isa = PBXBuildFile; fileRef = F10EA5DD223DE9F6003FDBF4 /* Tokenizer.swift */; };
		F10EA5E1223E28C5003FDBF4 /* JsonObject.swift in Sources */ = {isa = PBXBuildFile; fileRef = F10EA5E0223E28C5003FDBF4 /* JsonObject.swift */; };
		F10EA5E3223E28CF003FDBF4 /* JsonArray.swift in Sources */ = {isa = PBXBuildFile; fileRef = F10EA5E2223E28CF003FDBF4 /* JsonArray.swift */; };
		F10EA5E8223E3A46003FDBF4 /* Parser.swift in Sources */ = {isa = PBXBuildFile; fileRef = F10EA5E7223E3A46003FDBF4 /* Parser.swift */; };
		F10EA5EA223E3E70003FDBF4 /* JsonParser.swift in Sources */ = {isa = PBXBuildFile; fileRef = F10EA5E9223E3E70003FDBF4 /* JsonParser.swift */; };
		F155025D223BC5CE0026B6A1 /* AppDelegate.swift in Sources */ = {isa = PBXBuildFile; fileRef = F155025C223BC5CE0026B6A1 /* AppDelegate.swift */; };
		F155025F223BC5CE0026B6A1 /* ViewController.swift in Sources */ = {isa = PBXBuildFile; fileRef = F155025E223BC5CE0026B6A1 /* ViewController.swift */; };
		F1550262223BC5CE0026B6A1 /* Main.storyboard in Resources */ = {isa = PBXBuildFile; fileRef = F1550260223BC5CE0026B6A1 /* Main.storyboard */; };
		F1550264223BC5CF0026B6A1 /* Assets.xcassets in Resources */ = {isa = PBXBuildFile; fileRef = F1550263223BC5CF0026B6A1 /* Assets.xcassets */; };
		F1550267223BC5CF0026B6A1 /* LaunchScreen.storyboard in Resources */ = {isa = PBXBuildFile; fileRef = F1550265223BC5CF0026B6A1 /* LaunchScreen.storyboard */; };
		F1B27C1D2244DE8700EF2391 /* Formater.swift in Sources */ = {isa = PBXBuildFile; fileRef = F1B27C1C2244DE8700EF2391 /* Formater.swift */; };
/* End PBXBuildFile section */

/* Begin PBXCopyFilesBuildPhase section */
		F15502BE223BDF610026B6A1 /* Embed Frameworks */ = {
			isa = PBXCopyFilesBuildPhase;
			buildActionMask = 2147483647;
			dstPath = "";
			dstSubfolderSpec = 10;
			files = (
			);
			name = "Embed Frameworks";
			runOnlyForDeploymentPostprocessing = 0;
		};
/* End PBXCopyFilesBuildPhase section */

/* Begin PBXFileReference section */
		F10EA5D0223CE767003FDBF4 /* Token.swift */ = {isa = PBXFileReference; lastKnownFileType = sourcecode.swift; path = Token.swift; sourceTree = "<group>"; };
		F10EA5D9223CEF19003FDBF4 /* ReaderChar.swift */ = {isa = PBXFileReference; lastKnownFileType = sourcecode.swift; path = ReaderChar.swift; sourceTree = "<group>"; };
		F10EA5DB223CF3B8003FDBF4 /* TokenList.swift */ = {isa = PBXFileReference; lastKnownFileType = sourcecode.swift; path = TokenList.swift; sourceTree = "<group>"; };
		F10EA5DD223DE9F6003FDBF4 /* Tokenizer.swift */ = {isa = PBXFileReference; lastKnownFileType = sourcecode.swift; path = Tokenizer.swift; sourceTree = "<group>"; };
		F10EA5E0223E28C5003FDBF4 /* JsonObject.swift */ = {isa = PBXFileReference; lastKnownFileType = sourcecode.swift; path = JsonObject.swift; sourceTree = "<group>"; };
		F10EA5E2223E28CF003FDBF4 /* JsonArray.swift */ = {isa = PBXFileReference; lastKnownFileType = sourcecode.swift; path = JsonArray.swift; sourceTree = "<group>"; };
		F10EA5E7223E3A46003FDBF4 /* Parser.swift */ = {isa = PBXFileReference; lastKnownFileType = sourcecode.swift; path = Parser.swift; sourceTree = "<group>"; };
		F10EA5E9223E3E70003FDBF4 /* JsonParser.swift */ = {isa = PBXFileReference; lastKnownFileType = sourcecode.swift; path = JsonParser.swift; sourceTree = "<group>"; };
		F1550259223BC5CE0026B6A1 /* JSONDecoder.app */ = {isa = PBXFileReference; explicitFileType = wrapper.application; includeInIndex = 0; path = JSONDecoder.app; sourceTree = BUILT_PRODUCTS_DIR; };
		F155025C223BC5CE0026B6A1 /* AppDelegate.swift */ = {isa = PBXFileReference; lastKnownFileType = sourcecode.swift; path = AppDelegate.swift; sourceTree = "<group>"; };
		F155025E223BC5CE0026B6A1 /* ViewController.swift */ = {isa = PBXFileReference; lastKnownFileType = sourcecode.swift; path = ViewController.swift; sourceTree = "<group>"; };
		F1550261223BC5CE0026B6A1 /* Base */ = {isa = PBXFileReference; lastKnownFileType = file.storyboard; name = Base; path = Base.lproj/Main.storyboard; sourceTree = "<group>"; };
		F1550263223BC5CF0026B6A1 /* Assets.xcassets */ = {isa = PBXFileReference; lastKnownFileType = folder.assetcatalog; path = Assets.xcassets; sourceTree = "<group>"; };
		F1550266223BC5CF0026B6A1 /* Base */ = {isa = PBXFileReference; lastKnownFileType = file.storyboard; name = Base; path = Base.lproj/LaunchScreen.storyboard; sourceTree = "<group>"; };
		F1550268223BC5CF0026B6A1 /* Info.plist */ = {isa = PBXFileReference; lastKnownFileType = text.plist.xml; path = Info.plist; sourceTree = "<group>"; };
		F1B27C1C2244DE8700EF2391 /* Formater.swift */ = {isa = PBXFileReference; lastKnownFileType = sourcecode.swift; path = Formater.swift; sourceTree = "<group>"; };
/* End PBXFileReference section */

/* Begin PBXFrameworksBuildPhase section */
		F1550256223BC5CE0026B6A1 /* Frameworks */ = {
			isa = PBXFrameworksBuildPhase;
			buildActionMask = 2147483647;
			files = (
			);
			runOnlyForDeploymentPostprocessing = 0;
		};
/* End PBXFrameworksBuildPhase section */

/* Begin PBXGroup section */
		F10EA5DF223E2899003FDBF4 /* JsonDescription */ = {
			isa = PBXGroup;
			children = (
				F10EA5E0223E28C5003FDBF4 /* JsonObject.swift */,
				F10EA5E2223E28CF003FDBF4 /* JsonArray.swift */,
			);
			path = JsonDescription;
			sourceTree = "<group>";
		};
		F10EA5E4223E39DA003FDBF4 /* Parser */ = {
			isa = PBXGroup;
			children = (
				F10EA5E7223E3A46003FDBF4 /* Parser.swift */,
			);
			path = Parser;
			sourceTree = "<group>";
		};
		F10EA5E6223E3A28003FDBF4 /* Tokenizer */ = {
			isa = PBXGroup;
			children = (
				F10EA5D0223CE767003FDBF4 /* Token.swift */,
				F10EA5D9223CEF19003FDBF4 /* ReaderChar.swift */,
				F10EA5DB223CF3B8003FDBF4 /* TokenList.swift */,
				F10EA5DD223DE9F6003FDBF4 /* Tokenizer.swift */,
			);
			path = Tokenizer;
			sourceTree = "<group>";
		};
		F1550250223BC5CE0026B6A1 = {
			isa = PBXGroup;
			children = (
				F155025B223BC5CE0026B6A1 /* JSONDecoder */,
				F155025A223BC5CE0026B6A1 /* Products */,
			);
			sourceTree = "<group>";
		};
		F155025A223BC5CE0026B6A1 /* Products */ = {
			isa = PBXGroup;
			children = (
				F1550259223BC5CE0026B6A1 /* JSONDecoder.app */,
			);
			name = Products;
			sourceTree = "<group>";
		};
		F155025B223BC5CE0026B6A1 /* JSONDecoder */ = {
			isa = PBXGroup;
			children = (
				F10EA5E4223E39DA003FDBF4 /* Parser */,
				F10EA5DF223E2899003FDBF4 /* JsonDescription */,
				F10EA5E6223E3A28003FDBF4 /* Tokenizer */,
				F10EA5E9223E3E70003FDBF4 /* JsonParser.swift */,
				F1B27C1C2244DE8700EF2391 /* Formater.swift */,
				F155025E223BC5CE0026B6A1 /* ViewController.swift */,
				F1550260223BC5CE0026B6A1 /* Main.storyboard */,
				F1550268223BC5CF0026B6A1 /* Info.plist */,
				F155026E223BC6180026B6A1 /* SupportingFiles */,
			);
			path = JSONDecoder;
			sourceTree = "<group>";
		};
		F155026E223BC6180026B6A1 /* SupportingFiles */ = {
			isa = PBXGroup;
			children = (
				F155025C223BC5CE0026B6A1 /* AppDelegate.swift */,
				F1550263223BC5CF0026B6A1 /* Assets.xcassets */,
				F1550265223BC5CF0026B6A1 /* LaunchScreen.storyboard */,
			);
			path = SupportingFiles;
			sourceTree = "<group>";
		};
/* End PBXGroup section */

/* Begin PBXNativeTarget section */
		F1550258223BC5CE0026B6A1 /* JSONDecoder */ = {
			isa = PBXNativeTarget;
			buildConfigurationList = F155026B223BC5CF0026B6A1 /* Build configuration list for PBXNativeTarget "JSONDecoder" */;
			buildPhases = (
				F1550255223BC5CE0026B6A1 /* Sources */,
				F1550256223BC5CE0026B6A1 /* Frameworks */,
				F1550257223BC5CE0026B6A1 /* Resources */,
				F15502BE223BDF610026B6A1 /* Embed Frameworks */,
			);
			buildRules = (
			);
			dependencies = (
			);
			name = JSONDecoder;
			productName = JSONDecoder;
			productReference = F1550259223BC5CE0026B6A1 /* JSONDecoder.app */;
			productType = "com.apple.product-type.application";
		};
/* End PBXNativeTarget section */

/* Begin PBXProject section */
		F1550251223BC5CE0026B6A1 /* Project object */ = {
			isa = PBXProject;
			attributes = {
				LastSwiftUpdateCheck = 1010;
				LastUpgradeCheck = 1010;
				ORGANIZATIONNAME = "齐旭晨";
				TargetAttributes = {
					F1550258223BC5CE0026B6A1 = {
						CreatedOnToolsVersion = 10.1;
					};
				};
			};
			buildConfigurationList = F1550254223BC5CE0026B6A1 /* Build configuration list for PBXProject "JSONDecoder" */;
			compatibilityVersion = "Xcode 9.3";
			developmentRegion = en;
			hasScannedForEncodings = 0;
			knownRegions = (
				en,
				Base,
			);
			mainGroup = F1550250223BC5CE0026B6A1;
			productRefGroup = F155025A223BC5CE0026B6A1 /* Products */;
			projectDirPath = "";
			projectRoot = "";
			targets = (
				F1550258223BC5CE0026B6A1 /* JSONDecoder */,
			);
		};
/* End PBXProject section */

/* Begin PBXResourcesBuildPhase section */
		F1550257223BC5CE0026B6A1 /* Resources */ = {
			isa = PBXResourcesBuildPhase;
			buildActionMask = 2147483647;
			files = (
				F1550267223BC5CF0026B6A1 /* LaunchScreen.storyboard in Resources */,
				F1550264223BC5CF0026B6A1 /* Assets.xcassets in Resources */,
				F1550262223BC5CE0026B6A1 /* Main.storyboard in Resources */,
			);
			runOnlyForDeploymentPostprocessing = 0;
		};
/* End PBXResourcesBuildPhase section */

/* Begin PBXSourcesBuildPhase section */
		F1550255223BC5CE0026B6A1 /* Sources */ = {
			isa = PBXSourcesBuildPhase;
			buildActionMask = 2147483647;
			files = (
				F10EA5E1223E28C5003FDBF4 /* JsonObject.swift in Sources */,
				F10EA5DE223DE9F6003FDBF4 /* Tokenizer.swift in Sources */,
				F10EA5DC223CF3B8003FDBF4 /* TokenList.swift in Sources */,
				F10EA5E3223E28CF003FDBF4 /* JsonArray.swift in Sources */,
				F10EA5DA223CEF19003FDBF4 /* ReaderChar.swift in Sources */,
				F10EA5EA223E3E70003FDBF4 /* JsonParser.swift in Sources */,
				F1B27C1D2244DE8700EF2391 /* Formater.swift in Sources */,
				F10EA5E8223E3A46003FDBF4 /* Parser.swift in Sources */,
				F155025F223BC5CE0026B6A1 /* ViewController.swift in Sources */,
				F10EA5D1223CE767003FDBF4 /* Token.swift in Sources */,
				F155025D223BC5CE0026B6A1 /* AppDelegate.swift in Sources */,
			);
			runOnlyForDeploymentPostprocessing = 0;
		};
/* End PBXSourcesBuildPhase section */

/* Begin PBXVariantGroup section */
		F1550260223BC5CE0026B6A1 /* Main.storyboard */ = {
			isa = PBXVariantGroup;
			children = (
				F1550261223BC5CE0026B6A1 /* Base */,
			);
			name = Main.storyboard;
			sourceTree = "<group>";
		};
		F1550265223BC5CF0026B6A1 /* LaunchScreen.storyboard */ = {
			isa = PBXVariantGroup;
			children = (
				F1550266223BC5CF0026B6A1 /* Base */,
			);
			name = LaunchScreen.storyboard;
			sourceTree = "<group>";
		};
/* End PBXVariantGroup section */

/* Begin XCBuildConfiguration section */
		F1550269223BC5CF0026B6A1 /* Debug */ = {
			isa = XCBuildConfiguration;
			buildSettings = {
				ALWAYS_SEARCH_USER_PATHS = NO;
				CLANG_ANALYZER_NONNULL = YES;
				CLANG_ANALYZER_NUMBER_OBJECT_CONVERSION = YES_AGGRESSIVE;
				CLANG_CXX_LANGUAGE_STANDARD = "gnu++14";
				CLANG_CXX_LIBRARY = "libc++";
				CLANG_ENABLE_MODULES = YES;
				CLANG_ENABLE_OBJC_ARC = YES;
				CLANG_ENABLE_OBJC_WEAK = YES;
				CLANG_WARN_BLOCK_CAPTURE_AUTORELEASING = YES;
				CLANG_WARN_BOOL_CONVERSION = YES;
				CLANG_WARN_COMMA = YES;
				CLANG_WARN_CONSTANT_CONVERSION = YES;
				CLANG_WARN_DEPRECATED_OBJC_IMPLEMENTATIONS = YES;
				CLANG_WARN_DIRECT_OBJC_ISA_USAGE = YES_ERROR;
				CLANG_WARN_DOCUMENTATION_COMMENTS = YES;
				CLANG_WARN_EMPTY_BODY = YES;
				CLANG_WARN_ENUM_CONVERSION = YES;
				CLANG_WARN_INFINITE_RECURSION = YES;
				CLANG_WARN_INT_CONVERSION = YES;
				CLANG_WARN_NON_LITERAL_NULL_CONVERSION = YES;
				CLANG_WARN_OBJC_IMPLICIT_RETAIN_SELF = YES;
				CLANG_WARN_OBJC_LITERAL_CONVERSION = YES;
				CLANG_WARN_OBJC_ROOT_CLASS = YES_ERROR;
				CLANG_WARN_RANGE_LOOP_ANALYSIS = YES;
				CLANG_WARN_STRICT_PROTOTYPES = YES;
				CLANG_WARN_SUSPICIOUS_MOVE = YES;
				CLANG_WARN_UNGUARDED_AVAILABILITY = YES_AGGRESSIVE;
				CLANG_WARN_UNREACHABLE_CODE = YES;
				CLANG_WARN__DUPLICATE_METHOD_MATCH = YES;
				CODE_SIGN_IDENTITY = "iPhone Developer";
				COPY_PHASE_STRIP = NO;
				DEBUG_INFORMATION_FORMAT = dwarf;
				ENABLE_STRICT_OBJC_MSGSEND = YES;
				ENABLE_TESTABILITY = YES;
				GCC_C_LANGUAGE_STANDARD = gnu11;
				GCC_DYNAMIC_NO_PIC = NO;
				GCC_NO_COMMON_BLOCKS = YES;
				GCC_OPTIMIZATION_LEVEL = 0;
				GCC_PREPROCESSOR_DEFINITIONS = (
					"DEBUG=1",
					"$(inherited)",
				);
				GCC_WARN_64_TO_32_BIT_CONVERSION = YES;
				GCC_WARN_ABOUT_RETURN_TYPE = YES_ERROR;
				GCC_WARN_UNDECLARED_SELECTOR = YES;
				GCC_WARN_UNINITIALIZED_AUTOS = YES_AGGRESSIVE;
				GCC_WARN_UNUSED_FUNCTION = YES;
				GCC_WARN_UNUSED_VARIABLE = YES;
				IPHONEOS_DEPLOYMENT_TARGET = 12.1;
				MTL_ENABLE_DEBUG_INFO = INCLUDE_SOURCE;
				MTL_FAST_MATH = YES;
				ONLY_ACTIVE_ARCH = YES;
				SDKROOT = iphoneos;
				SWIFT_ACTIVE_COMPILATION_CONDITIONS = DEBUG;
				SWIFT_OPTIMIZATION_LEVEL = "-Onone";
			};
			name = Debug;
		};
		F155026A223BC5CF0026B6A1 /* Release */ = {
			isa = XCBuildConfiguration;
			buildSettings = {
				ALWAYS_SEARCH_USER_PATHS = NO;
				CLANG_ANALYZER_NONNULL = YES;
				CLANG_ANALYZER_NUMBER_OBJECT_CONVERSION = YES_AGGRESSIVE;
				CLANG_CXX_LANGUAGE_STANDARD = "gnu++14";
				CLANG_CXX_LIBRARY = "libc++";
				CLANG_ENABLE_MODULES = YES;
				CLANG_ENABLE_OBJC_ARC = YES;
				CLANG_ENABLE_OBJC_WEAK = YES;
				CLANG_WARN_BLOCK_CAPTURE_AUTORELEASING = YES;
				CLANG_WARN_BOOL_CONVERSION = YES;
				CLANG_WARN_COMMA = YES;
				CLANG_WARN_CONSTANT_CONVERSION = YES;
				CLANG_WARN_DEPRECATED_OBJC_IMPLEMENTATIONS = YES;
				CLANG_WARN_DIRECT_OBJC_ISA_USAGE = YES_ERROR;
				CLANG_WARN_DOCUMENTATION_COMMENTS = YES;
				CLANG_WARN_EMPTY_BODY = YES;
				CLANG_WARN_ENUM_CONVERSION = YES;
				CLANG_WARN_INFINITE_RECURSION = YES;
				CLANG_WARN_INT_CONVERSION = YES;
				CLANG_WARN_NON_LITERAL_NULL_CONVERSION = YES;
				CLANG_WARN_OBJC_IMPLICIT_RETAIN_SELF = YES;
				CLANG_WARN_OBJC_LITERAL_CONVERSION = YES;
				CLANG_WARN_OBJC_ROOT_CLASS = YES_ERROR;
				CLANG_WARN_RANGE_LOOP_ANALYSIS = YES;
				CLANG_WARN_STRICT_PROTOTYPES = YES;
				CLANG_WARN_SUSPICIOUS_MOVE = YES;
				CLANG_WARN_UNGUARDED_AVAILABILITY = YES_AGGRESSIVE;
				CLANG_WARN_UNREACHABLE_CODE = YES;
				CLANG_WARN__DUPLICATE_METHOD_MATCH = YES;
				CODE_SIGN_IDENTITY = "iPhone Developer";
				COPY_PHASE_STRIP = NO;
				DEBUG_INFORMATION_FORMAT = "dwarf-with-dsym";
				ENABLE_NS_ASSERTIONS = NO;
				ENABLE_STRICT_OBJC_MSGSEND = YES;
				GCC_C_LANGUAGE_STANDARD = gnu11;
				GCC_NO_COMMON_BLOCKS = YES;
				GCC_WARN_64_TO_32_BIT_CONVERSION = YES;
				GCC_WARN_ABOUT_RETURN_TYPE = YES_ERROR;
				GCC_WARN_UNDECLARED_SELECTOR = YES;
				GCC_WARN_UNINITIALIZED_AUTOS = YES_AGGRESSIVE;
				GCC_WARN_UNUSED_FUNCTION = YES;
				GCC_WARN_UNUSED_VARIABLE = YES;
				IPHONEOS_DEPLOYMENT_TARGET = 12.1;
				MTL_ENABLE_DEBUG_INFO = NO;
				MTL_FAST_MATH = YES;
				SDKROOT = iphoneos;
				SWIFT_COMPILATION_MODE = wholemodule;
				SWIFT_OPTIMIZATION_LEVEL = "-O";
				VALIDATE_PRODUCT = YES;
			};
			name = Release;
		};
		F155026C223BC5CF0026B6A1 /* Debug */ = {
			isa = XCBuildConfiguration;
			buildSettings = {
				ALWAYS_EMBED_SWIFT_STANDARD_LIBRARIES = YES;
				ASSETCATALOG_COMPILER_APPICON_NAME = AppIcon;
				CODE_SIGN_STYLE = Automatic;
				DEVELOPMENT_TEAM = 8AM3K89UQM;
				INFOPLIST_FILE = JSONDecoder/Info.plist;
				LD_RUNPATH_SEARCH_PATHS = (
					"$(inherited)",
					"@executable_path/Frameworks",
				);
				PRODUCT_BUNDLE_IDENTIFIER = Jooc.JSONDecoder;
				PRODUCT_NAME = "$(TARGET_NAME)";
				SWIFT_VERSION = 4.2;
				TARGETED_DEVICE_FAMILY = "1,2";
			};
			name = Debug;
		};
		F155026D223BC5CF0026B6A1 /* Release */ = {
			isa = XCBuildConfiguration;
			buildSettings = {
				ALWAYS_EMBED_SWIFT_STANDARD_LIBRARIES = YES;
				ASSETCATALOG_COMPILER_APPICON_NAME = AppIcon;
				CODE_SIGN_STYLE = Automatic;
				DEVELOPMENT_TEAM = 8AM3K89UQM;
				INFOPLIST_FILE = JSONDecoder/Info.plist;
				LD_RUNPATH_SEARCH_PATHS = (
					"$(inherited)",
					"@executable_path/Frameworks",
				);
				PRODUCT_BUNDLE_IDENTIFIER = Jooc.JSONDecoder;
				PRODUCT_NAME = "$(TARGET_NAME)";
				SWIFT_VERSION = 4.2;
				TARGETED_DEVICE_FAMILY = "1,2";
			};
			name = Release;
		};
/* End XCBuildConfiguration section */

/* Begin XCConfigurationList section */
		F1550254223BC5CE0026B6A1 /* Build configuration list for PBXProject "JSONDecoder" */ = {
			isa = XCConfigurationList;
			buildConfigurations = (
				F1550269223BC5CF0026B6A1 /* Debug */,
				F155026A223BC5CF0026B6A1 /* Release */,
			);
			defaultConfigurationIsVisible = 0;
			defaultConfigurationName = Release;
		};
		F155026B223BC5CF0026B6A1 /* Build configuration list for PBXNativeTarget "JSONDecoder" */ = {
			isa = XCConfigurationList;
			buildConfigurations = (
				F155026C223BC5CF0026B6A1 /* Debug */,
				F155026D223BC5CF0026B6A1 /* Release */,
			);
			defaultConfigurationIsVisible = 0;
			defaultConfigurationName = Release;
		};
/* End XCConfigurationList section */
	};
	rootObject = F1550251223BC5CE0026B6A1 /* Project object */;
}
